
Microsoft Visual Studio Solution File, Format Version 12.00
# Visual Studio 15
VisualStudioVersion = 15.0.28307.168
MinimumVisualStudioVersion = 10.0.40219.1
Project("{FAE04EC0-301F-11D3-BF4B-00C04F79EFBC}") = "SfSwitchDemo.UWP", "SfSwitchDemo\SfSwitchDemo.UWP\SfSwitchDemo.UWP.csproj", "{D6C85016-FE70-462E-BBA7-4C82656C6AC9}"
EndProject
Project("{FAE04EC0-301F-11D3-BF4B-00C04F79EFBC}") = "SfSwitchDemo.Android", "SfSwitchDemo\SfSwitchDemo.Android\SfSwitchDemo.Android.csproj", "{B686BEC7-5981-4C81-8E8D-DD9D26DB86A9}"
EndProject
Project("{FAE04EC0-301F-11D3-BF4B-00C04F79EFBC}") = "SfSwitchDemo.iOS", "SfSwitchDemo\SfSwitchDemo.iOS\SfSwitchDemo.iOS.csproj", "{AF57181C-80BC-47F0-8D4C-57D2105D9526}"
EndProject
Project("{9A19103F-16F7-4668-BE54-9A1E7A4F7556}") = "SfSwitchDemo", "SfSwitchDemo\SfSwitchDemo\SfSwitchDemo.csproj", "{39A68480-5668-45B2-BA16-070EBA006454}"
EndProject
Global
	GlobalSection(SolutionConfigurationPlatforms) = preSolution
		Debug|Any CPU = Debug|Any CPU
		Debug|ARM = Debug|ARM
		Debug|iPhone = Debug|iPhone
		Debug|iPhoneSimulator = Debug|iPhoneSimulator
		Debug|x64 = Debug|x64
		Debug|x86 = Debug|x86
		Release|Any CPU = Release|Any CPU
		Release|ARM = Release|ARM
		Release|iPhone = Release|iPhone
		Release|iPhoneSimulator = Release|iPhoneSimulator
		Release|x64 = Release|x64
		Release|x86 = Release|x86
		Release-xml|Any CPU = Release-xml|Any CPU
		Release-xml|ARM = Release-xml|ARM
		Release-xml|iPhone = Release-xml|iPhone
		Release-xml|iPhoneSimulator = Release-xml|iPhoneSimulator
		Release-xml|x64 = Release-xml|x64
		Release-xml|x86 = Release-xml|x86
	EndGlobalSection
	GlobalSection(ProjectConfigurationPlatforms) = postSolution
		{D6C85016-FE70-462E-BBA7-4C82656C6AC9}.Debug|Any CPU.ActiveCfg = Debug|x86
		{D6C85016-FE70-462E-BBA7-4C82656C6AC9}.Debug|Any CPU.Build.0 = Debug|x86
		{D6C85016-FE70-462E-BBA7-4C82656C6AC9}.Debug|Any CPU.Deploy.0 = Debug|x86
		{D6C85016-FE70-462E-BBA7-4C82656C6AC9}.Debug|ARM.ActiveCfg = Debug|ARM
		{D6C85016-FE70-462E-BBA7-4C82656C6AC9}.Debug|ARM.Build.0 = Debug|ARM
		{D6C85016-FE70-462E-BBA7-4C82656C6AC9}.Debug|ARM.Deploy.0 = Debug|ARM
		{D6C85016-FE70-462E-BBA7-4C82656C6AC9}.Debug|iPhone.ActiveCfg = Debug|x86
		{D6C85016-FE70-462E-BBA7-4C82656C6AC9}.Debug|iPhone.Build.0 = Debug|x86
		{D6C85016-FE70-462E-BBA7-4C82656C6AC9}.Debug|iPhone.Deploy.0 = Debug|x86
		{D6C85016-FE70-462E-BBA7-4C82656C6AC9}.Debug|iPhoneSimulator.ActiveCfg = Debug|x86
		{D6C85016-FE70-462E-BBA7-4C82656C6AC9}.Debug|iPhoneSimulator.Build.0 = Debug|x86
		{D6C85016-FE70-462E-BBA7-4C82656C6AC9}.Debug|iPhoneSimulator.Deploy.0 = Debug|x86
		{D6C85016-FE70-462E-BBA7-4C82656C6AC9}.Debug|x64.ActiveCfg = Debug|x64
		{D6C85016-FE70-462E-BBA7-4C82656C6AC9}.Debug|x64.Build.0 = Debug|x64
		{D6C85016-FE70-462E-BBA7-4C82656C6AC9}.Debug|x64.Deploy.0 = Debug|x64
		{D6C85016-FE70-462E-BBA7-4C82656C6AC9}.Debug|x86.ActiveCfg = Debug|x86
		{D6C85016-FE70-462E-BBA7-4C82656C6AC9}.Debug|x86.Build.0 = Debug|x86
		{D6C85016-FE70-462E-BBA7-4C82656C6AC9}.Debug|x86.Deploy.0 = Debug|x86
		{D6C85016-FE70-462E-BBA7-4C82656C6AC9}.Release|Any CPU.ActiveCfg = Release|x86
		{D6C85016-FE70-462E-BBA7-4C82656C6AC9}.Release|Any CPU.Build.0 = Release|x86
		{D6C85016-FE70-462E-BBA7-4C82656C6AC9}.Release|Any CPU.Deploy.0 = Release|x86
		{D6C85016-FE70-462E-BBA7-4C82656C6AC9}.Release|ARM.ActiveCfg = Release|ARM
		{D6C85016-FE70-462E-BBA7-4C82656C6AC9}.Release|ARM.Build.0 = Release|ARM
		{D6C85016-FE70-462E-BBA7-4C82656C6AC9}.Release|ARM.Deploy.0 = Release|ARM
		{D6C85016-FE70-462E-BBA7-4C82656C6AC9}.Release|iPhone.ActiveCfg = Release|x86
		{D6C85016-FE70-462E-BBA7-4C82656C6AC9}.Release|iPhone.Build.0 = Release|x86
		{D6C85016-FE70-462E-BBA7-4C82656C6AC9}.Release|iPhone.Deploy.0 = Release|x86
		{D6C85016-FE70-462E-BBA7-4C82656C6AC9}.Release|iPhoneSimulator.ActiveCfg = Release|x86
		{D6C85016-FE70-462E-BBA7-4C82656C6AC9}.Release|iPhoneSimulator.Build.0 = Release|x86
		{D6C85016-FE70-462E-BBA7-4C82656C6AC9}.Release|iPhoneSimulator.Deploy.0 = Release|x86
		{D6C85016-FE70-462E-BBA7-4C82656C6AC9}.Release|x64.ActiveCfg = Release|x64
		{D6C85016-FE70-462E-BBA7-4C82656C6AC9}.Release|x64.Build.0 = Release|x64
		{D6C85016-FE70-462E-BBA7-4C82656C6AC9}.Release|x64.Deploy.0 = Release|x64
		{D6C85016-FE70-462E-BBA7-4C82656C6AC9}.Release|x86.ActiveCfg = Release|x86
		{D6C85016-FE70-462E-BBA7-4C82656C6AC9}.Release|x86.Build.0 = Release|x86
		{D6C85016-FE70-462E-BBA7-4C82656C6AC9}.Release|x86.Deploy.0 = Release|x86
		{D6C85016-FE70-462E-BBA7-4C82656C6AC9}.Release-xml|Any CPU.ActiveCfg = Release|x64
		{D6C85016-FE70-462E-BBA7-4C82656C6AC9}.Release-xml|Any CPU.Build.0 = Release|x64
		{D6C85016-FE70-462E-BBA7-4C82656C6AC9}.Release-xml|Any CPU.Deploy.0 = Release|x64
		{D6C85016-FE70-462E-BBA7-4C82656C6AC9}.Release-xml|ARM.ActiveCfg = Release|ARM
		{D6C85016-FE70-462E-BBA7-4C82656C6AC9}.Release-xml|ARM.Build.0 = Release|ARM
		{D6C85016-FE70-462E-BBA7-4C82656C6AC9}.Release-xml|ARM.Deploy.0 = Release|ARM
		{D6C85016-FE70-462E-BBA7-4C82656C6AC9}.Release-xml|iPhone.ActiveCfg = Release|x64
		{D6C85016-FE70-462E-BBA7-4C82656C6AC9}.Release-xml|iPhone.Build.0 = Release|x64
		{D6C85016-FE70-462E-BBA7-4C82656C6AC9}.Release-xml|iPhone.Deploy.0 = Release|x64
		{D6C85016-FE70-462E-BBA7-4C82656C6AC9}.Release-xml|iPhoneSimulator.ActiveCfg = Release|x64
		{D6C85016-FE70-462E-BBA7-4C82656C6AC9}.Release-xml|iPhoneSimulator.Build.0 = Release|x64
		{D6C85016-FE70-462E-BBA7-4C82656C6AC9}.Release-xml|iPhoneSimulator.Deploy.0 = Release|x64
		{D6C85016-FE70-462E-BBA7-4C82656C6AC9}.Release-xml|x64.ActiveCfg = Release|x64
		{D6C85016-FE70-462E-BBA7-4C82656C6AC9}.Release-xml|x64.Build.0 = Release|x64
		{D6C85016-FE70-462E-BBA7-4C82656C6AC9}.Release-xml|x64.Deploy.0 = Release|x64
		{D6C85016-FE70-462E-BBA7-4C82656C6AC9}.Release-xml|x86.ActiveCfg = Release|x86
		{D6C85016-FE70-462E-BBA7-4C82656C6AC9}.Release-xml|x86.Build.0 = Release|x86
		{D6C85016-FE70-462E-BBA7-4C82656C6AC9}.Release-xml|x86.Deploy.0 = Release|x86
		{B686BEC7-5981-4C81-8E8D-DD9D26DB86A9}.Debug|Any CPU.ActiveCfg = Debug|Any CPU
		{B686BEC7-5981-4C81-8E8D-DD9D26DB86A9}.Debug|Any CPU.Build.0 = Debug|Any CPU
		{B686BEC7-5981-4C81-8E8D-DD9D26DB86A9}.Debug|Any CPU.Deploy.0 = Debug|Any CPU
		{B686BEC7-5981-4C81-8E8D-DD9D26DB86A9}.Debug|ARM.ActiveCfg = Debug|Any CPU
		{B686BEC7-5981-4C81-8E8D-DD9D26DB86A9}.Debug|ARM.Build.0 = Debug|Any CPU
		{B686BEC7-5981-4C81-8E8D-DD9D26DB86A9}.Debug|ARM.Deploy.0 = Debug|Any CPU
		{B686BEC7-5981-4C81-8E8D-DD9D26DB86A9}.Debug|iPhone.ActiveCfg = Debug|Any CPU
		{B686BEC7-5981-4C81-8E8D-DD9D26DB86A9}.Debug|iPhone.Build.0 = Debug|Any CPU
		{B686BEC7-5981-4C81-8E8D-DD9D26DB86A9}.Debug|iPhone.Deploy.0 = Debug|Any CPU
		{B686BEC7-5981-4C81-8E8D-DD9D26DB86A9}.Debug|iPhoneSimulator.ActiveCfg = Debug|Any CPU
		{B686BEC7-5981-4C81-8E8D-DD9D26DB86A9}.Debug|iPhoneSimulator.Build.0 = Debug|Any CPU
		{B686BEC7-5981-4C81-8E8D-DD9D26DB86A9}.Debug|iPhoneSimulator.Deploy.0 = Debug|Any CPU
		{B686BEC7-5981-4C81-8E8D-DD9D26DB86A9}.Debug|x64.ActiveCfg = Debug|Any CPU
		{B686BEC7-5981-4C81-8E8D-DD9D26DB86A9}.Debug|x64.Build.0 = Debug|Any CPU
		{B686BEC7-5981-4C81-8E8D-DD9D26DB86A9}.Debug|x64.Deploy.0 = Debug|Any CPU
		{B686BEC7-5981-4C81-8E8D-DD9D26DB86A9}.Debug|x86.ActiveCfg = Debug|Any CPU
		{B686BEC7-5981-4C81-8E8D-DD9D26DB86A9}.Debug|x86.Build.0 = Debug|Any CPU
		{B686BEC7-5981-4C81-8E8D-DD9D26DB86A9}.Debug|x86.Deploy.0 = Debug|Any CPU
		{B686BEC7-5981-4C81-8E8D-DD9D26DB86A9}.Release|Any CPU.ActiveCfg = Release|Any CPU
		{B686BEC7-5981-4C81-8E8D-DD9D26DB86A9}.Release|Any CPU.Build.0 = Release|Any CPU
		{B686BEC7-5981-4C81-8E8D-DD9D26DB86A9}.Release|Any CPU.Deploy.0 = Release|Any CPU
		{B686BEC7-5981-4C81-8E8D-DD9D26DB86A9}.Release|ARM.ActiveCfg = Release|Any CPU
		{B686BEC7-5981-4C81-8E8D-DD9D26DB86A9}.Release|ARM.Build.0 = Release|Any CPU
		{B686BEC7-5981-4C81-8E8D-DD9D26DB86A9}.Release|ARM.Deploy.0 = Release|Any CPU
		{B686BEC7-5981-4C81-8E8D-DD9D26DB86A9}.Release|iPhone.ActiveCfg = Release|Any CPU
		{B686BEC7-5981-4C81-8E8D-DD9D26DB86A9}.Release|iPhone.Build.0 = Release|Any CPU
		{B686BEC7-5981-4C81-8E8D-DD9D26DB86A9}.Release|iPhone.Deploy.0 = Release|Any CPU
		{B686BEC7-5981-4C81-8E8D-DD9D26DB86A9}.Release|iPhoneSimulator.ActiveCfg = Release|Any CPU
		{B686BEC7-5981-4C81-8E8D-DD9D26DB86A9}.Release|iPhoneSimulator.Build.0 = Release|Any CPU
		{B686BEC7-5981-4C81-8E8D-DD9D26DB86A9}.Release|iPhoneSimulator.Deploy.0 = Release|Any CPU
		{B686BEC7-5981-4C81-8E8D-DD9D26DB86A9}.Release|x64.ActiveCfg = Release|Any CPU
		{B686BEC7-5981-4C81-8E8D-DD9D26DB86A9}.Release|x64.Build.0 = Release|Any CPU
		{B686BEC7-5981-4C81-8E8D-DD9D26DB86A9}.Release|x64.Deploy.0 = Release|Any CPU
		{B686BEC7-5981-4C81-8E8D-DD9D26DB86A9}.Release|x86.ActiveCfg = Release|Any CPU
		{B686BEC7-5981-4C81-8E8D-DD9D26DB86A9}.Release|x86.Build.0 = Release|Any CPU
		{B686BEC7-5981-4C81-8E8D-DD9D26DB86A9}.Release|x86.Deploy.0 = Release|Any CPU
		{B686BEC7-5981-4C81-8E8D-DD9D26DB86A9}.Release-xml|Any CPU.ActiveCfg = Release|Any CPU
		{B686BEC7-5981-4C81-8E8D-DD9D26DB86A9}.Release-xml|Any CPU.Build.0 = Release|Any CPU
		{B686BEC7-5981-4C81-8E8D-DD9D26DB86A9}.Release-xml|Any CPU.Deploy.0 = Release|Any CPU
		{B686BEC7-5981-4C81-8E8D-DD9D26DB86A9}.Release-xml|ARM.ActiveCfg = Release|Any CPU
		{B686BEC7-5981-4C81-8E8D-DD9D26DB86A9}.Release-xml|ARM.Build.0 = Release|Any CPU
		{B686BEC7-5981-4C81-8E8D-DD9D26DB86A9}.Release-xml|ARM.Deploy.0 = Release|Any CPU
		{B686BEC7-5981-4C81-8E8D-DD9D26DB86A9}.Release-xml|iPhone.ActiveCfg = Release|Any CPU
		{B686BEC7-5981-4C81-8E8D-DD9D26DB86A9}.Release-xml|iPhone.Build.0 = Release|Any CPU
		{B686BEC7-5981-4C81-8E8D-DD9D26DB86A9}.Release-xml|iPhone.Deploy.0 = Release|Any CPU
		{B686BEC7-5981-4C81-8E8D-DD9D26DB86A9}.Release-xml|iPhoneSimulator.ActiveCfg = Release|Any CPU
		{B686BEC7-5981-4C81-8E8D-DD9D26DB86A9}.Release-xml|iPhoneSimulator.Build.0 = Release|Any CPU
		{B686BEC7-5981-4C81-8E8D-DD9D26DB86A9}.Release-xml|iPhoneSimulator.Deploy.0 = Release|Any CPU
		{B686BEC7-5981-4C81-8E8D-DD9D26DB86A9}.Release-xml|x64.ActiveCfg = Release|Any CPU
		{B686BEC7-5981-4C81-8E8D-DD9D26DB86A9}.Release-xml|x64.Build.0 = Release|Any CPU
		{B686BEC7-5981-4C81-8E8D-DD9D26DB86A9}.Release-xml|x64.Deploy.0 = Release|Any CPU
		{B686BEC7-5981-4C81-8E8D-DD9D26DB86A9}.Release-xml|x86.ActiveCfg = Release|Any CPU
		{B686BEC7-5981-4C81-8E8D-DD9D26DB86A9}.Release-xml|x86.Build.0 = Release|Any CPU
		{B686BEC7-5981-4C81-8E8D-DD9D26DB86A9}.Release-xml|x86.Deploy.0 = Release|Any CPU
		{AF57181C-80BC-47F0-8D4C-57D2105D9526}.Debug|Any CPU.ActiveCfg = Debug|iPhone
		{AF57181C-80BC-47F0-8D4C-57D2105D9526}.Debug|Any CPU.Build.0 = Debug|iPhone
		{AF57181C-80BC-47F0-8D4C-57D2105D9526}.Debug|Any CPU.Deploy.0 = Debug|iPhone
		{AF57181C-80BC-47F0-8D4C-57D2105D9526}.Debug|ARM.ActiveCfg = Debug|iPhoneSimulator
		{AF57181C-80BC-47F0-8D4C-57D2105D9526}.Debug|ARM.Build.0 = Debug|iPhoneSimulator
		{AF57181C-80BC-47F0-8D4C-57D2105D9526}.Debug|ARM.Deploy.0 = Debug|iPhoneSimulator
		{AF57181C-80BC-47F0-8D4C-57D2105D9526}.Debug|iPhone.ActiveCfg = Debug|iPhone
		{AF57181C-80BC-47F0-8D4C-57D2105D9526}.Debug|iPhone.Build.0 = Debug|iPhone
		{AF57181C-80BC-47F0-8D4C-57D2105D9526}.Debug|iPhone.Deploy.0 = Debug|iPhone
		{AF57181C-80BC-47F0-8D4C-57D2105D9526}.Debug|iPhoneSimulator.ActiveCfg = Debug|iPhoneSimulator
		{AF57181C-80BC-47F0-8D4C-57D2105D9526}.Debug|iPhoneSimulator.Build.0 = Debug|iPhoneSimulator
		{AF57181C-80BC-47F0-8D4C-57D2105D9526}.Debug|iPhoneSimulator.Deploy.0 = Debug|iPhoneSimulator
		{AF57181C-80BC-47F0-8D4C-57D2105D9526}.Debug|x64.ActiveCfg = Debug|iPhone
		{AF57181C-80BC-47F0-8D4C-57D2105D9526}.Debug|x64.Build.0 = Debug|iPhone
		{AF57181C-80BC-47F0-8D4C-57D2105D9526}.Debug|x64.Deploy.0 = Debug|iPhone
		{AF57181C-80BC-47F0-8D4C-57D2105D9526}.Debug|x86.ActiveCfg = Debug|iPhone
		{AF57181C-80BC-47F0-8D4C-57D2105D9526}.Debug|x86.Build.0 = Debug|iPhone
		{AF57181C-80BC-47F0-8D4C-57D2105D9526}.Debug|x86.Deploy.0 = Debug|iPhone
		{AF57181C-80BC-47F0-8D4C-57D2105D9526}.Release|Any CPU.ActiveCfg = Release|iPhone
		{AF57181C-80BC-47F0-8D4C-57D2105D9526}.Release|Any CPU.Build.0 = Release|iPhone
		{AF57181C-80BC-47F0-8D4C-57D2105D9526}.Release|Any CPU.Deploy.0 = Release|iPhone
		{AF57181C-80BC-47F0-8D4C-57D2105D9526}.Release|ARM.ActiveCfg = Release|iPhone
		{AF57181C-80BC-47F0-8D4C-57D2105D9526}.Release|ARM.Build.0 = Release|iPhone
		{AF57181C-80BC-47F0-8D4C-57D2105D9526}.Release|ARM.Deploy.0 = Release|iPhone
		{AF57181C-80BC-47F0-8D4C-57D2105D9526}.Release|iPhone.ActiveCfg = Release|iPhone
		{AF57181C-80BC-47F0-8D4C-57D2105D9526}.Release|iPhone.Build.0 = Release|iPhone
		{AF57181C-80BC-47F0-8D4C-57D2105D9526}.Release|iPhone.Deploy.0 = Release|iPhone
		{AF57181C-80BC-47F0-8D4C-57D2105D9526}.Release|iPhoneSimulator.ActiveCfg = Release|iPhoneSimulator
		{AF57181C-80BC-47F0-8D4C-57D2105D9526}.Release|iPhoneSimulator.Build.0 = Release|iPhoneSimulator
		{AF57181C-80BC-47F0-8D4C-57D2105D9526}.Release|iPhoneSimulator.Deploy.0 = Release|iPhoneSimulator
		{AF57181C-80BC-47F0-8D4C-57D2105D9526}.Release|x64.ActiveCfg = Release|iPhone
		{AF57181C-80BC-47F0-8D4C-57D2105D9526}.Release|x64.Build.0 = Release|iPhone
		{AF57181C-80BC-47F0-8D4C-57D2105D9526}.Release|x64.Deploy.0 = Release|iPhone
		{AF57181C-80BC-47F0-8D4C-57D2105D9526}.Release|x86.ActiveCfg = Release|iPhone
		{AF57181C-80BC-47F0-8D4C-57D2105D9526}.Release|x86.Build.0 = Release|iPhone
		{AF57181C-80BC-47F0-8D4C-57D2105D9526}.Release|x86.Deploy.0 = Release|iPhone
		{AF57181C-80BC-47F0-8D4C-57D2105D9526}.Release-xml|Any CPU.ActiveCfg = Release|iPhoneSimulator
		{AF57181C-80BC-47F0-8D4C-57D2105D9526}.Release-xml|Any CPU.Build.0 = Release|iPhoneSimulator
		{AF57181C-80BC-47F0-8D4C-57D2105D9526}.Release-xml|ARM.ActiveCfg = Release|iPhoneSimulator
		{AF57181C-80BC-47F0-8D4C-57D2105D9526}.Release-xml|ARM.Build.0 = Release|iPhoneSimulator
		{AF57181C-80BC-47F0-8D4C-57D2105D9526}.Release-xml|iPhone.ActiveCfg = Release|iPhone
		{AF57181C-80BC-47F0-8D4C-57D2105D9526}.Release-xml|iPhone.Build.0 = Release|iPhone
		{AF57181C-80BC-47F0-8D4C-57D2105D9526}.Release-xml|iPhoneSimulator.ActiveCfg = Release|iPhoneSimulator
		{AF57181C-80BC-47F0-8D4C-57D2105D9526}.Release-xml|iPhoneSimulator.Build.0 = Release|iPhoneSimulator
		{AF57181C-80BC-47F0-8D4C-57D2105D9526}.Release-xml|x64.ActiveCfg = Release|iPhoneSimulator
		{AF57181C-80BC-47F0-8D4C-57D2105D9526}.Release-xml|x64.Build.0 = Release|iPhoneSimulator
		{AF57181C-80BC-47F0-8D4C-57D2105D9526}.Release-xml|x86.ActiveCfg = Release|iPhoneSimulator
		{AF57181C-80BC-47F0-8D4C-57D2105D9526}.Release-xml|x86.Build.0 = Release|iPhoneSimulator
		{39A68480-5668-45B2-BA16-070EBA006454}.Debug|Any CPU.ActiveCfg = Debug|Any CPU
		{39A68480-5668-45B2-BA16-070EBA006454}.Debug|Any CPU.Build.0 = Debug|Any CPU
		{39A68480-5668-45B2-BA16-070EBA006454}.Debug|Any CPU.Deploy.0 = Debug|Any CPU
		{39A68480-5668-45B2-BA16-070EBA006454}.Debug|ARM.ActiveCfg = Debug|Any CPU
		{39A68480-5668-45B2-BA16-070EBA006454}.Debug|ARM.Build.0 = Debug|Any CPU
		{39A68480-5668-45B2-BA16-070EBA006454}.Debug|ARM.Deploy.0 = Debug|Any CPU
		{39A68480-5668-45B2-BA16-070EBA006454}.Debug|iPhone.ActiveCfg = Debug|Any CPU
		{39A68480-5668-45B2-BA16-070EBA006454}.Debug|iPhone.Build.0 = Debug|Any CPU
		{39A68480-5668-45B2-BA16-070EBA006454}.Debug|iPhone.Deploy.0 = Debug|Any CPU
		{39A68480-5668-45B2-BA16-070EBA006454}.Debug|iPhoneSimulator.ActiveCfg = Debug|Any CPU
		{39A68480-5668-45B2-BA16-070EBA006454}.Debug|iPhoneSimulator.Build.0 = Debug|Any CPU
		{39A68480-5668-45B2-BA16-070EBA006454}.Debug|iPhoneSimulator.Deploy.0 = Debug|Any CPU
		{39A68480-5668-45B2-BA16-070EBA006454}.Debug|x64.ActiveCfg = Debug|Any CPU
		{39A68480-5668-45B2-BA16-070EBA006454}.Debug|x64.Build.0 = Debug|Any CPU
		{39A68480-5668-45B2-BA16-070EBA006454}.Debug|x64.Deploy.0 = Debug|Any CPU
		{39A68480-5668-45B2-BA16-070EBA006454}.Debug|x86.ActiveCfg = Debug|Any CPU
		{39A68480-5668-45B2-BA16-070EBA006454}.Debug|x86.Build.0 = Debug|Any CPU
		{39A68480-5668-45B2-BA16-070EBA006454}.Debug|x86.Deploy.0 = Debug|Any CPU
		{39A68480-5668-45B2-BA16-070EBA006454}.Release|Any CPU.ActiveCfg = Release|Any CPU
		{39A68480-5668-45B2-BA16-070EBA006454}.Release|Any CPU.Build.0 = Release|Any CPU
		{39A68480-5668-45B2-BA16-070EBA006454}.Release|Any CPU.Deploy.0 = Release|Any CPU
		{39A68480-5668-45B2-BA16-070EBA006454}.Release|ARM.ActiveCfg = Release|Any CPU
		{39A68480-5668-45B2-BA16-070EBA006454}.Release|ARM.Build.0 = Release|Any CPU
		{39A68480-5668-45B2-BA16-070EBA006454}.Release|ARM.Deploy.0 = Release|Any CPU
		{39A68480-5668-45B2-BA16-070EBA006454}.Release|iPhone.ActiveCfg = Release|Any CPU
		{39A68480-5668-45B2-BA16-070EBA006454}.Release|iPhone.Build.0 = Release|Any CPU
		{39A68480-5668-45B2-BA16-070EBA006454}.Release|iPhone.Deploy.0 = Release|Any CPU
		{39A68480-5668-45B2-BA16-070EBA006454}.Release|iPhoneSimulator.ActiveCfg = Release|Any CPU
		{39A68480-5668-45B2-BA16-070EBA006454}.Release|iPhoneSimulator.Build.0 = Release|Any CPU
		{39A68480-5668-45B2-BA16-070EBA006454}.Release|iPhoneSimulator.Deploy.0 = Release|Any CPU
		{39A68480-5668-45B2-BA16-070EBA006454}.Release|x64.ActiveCfg = Release|Any CPU
		{39A68480-5668-45B2-BA16-070EBA006454}.Release|x64.Build.0 = Release|Any CPU
		{39A68480-5668-45B2-BA16-070EBA006454}.Release|x64.Deploy.0 = Release|Any CPU
		{39A68480-5668-45B2-BA16-070EBA006454}.Release|x86.ActiveCfg = Release|Any CPU
		{39A68480-5668-45B2-BA16-070EBA006454}.Release|x86.Build.0 = Release|Any CPU
		{39A68480-5668-45B2-BA16-070EBA006454}.Release|x86.Deploy.0 = Release|Any CPU
		{39A68480-5668-45B2-BA16-070EBA006454}.Release-xml|Any CPU.ActiveCfg = Release|Any CPU
		{39A68480-5668-45B2-BA16-070EBA006454}.Release-xml|Any CPU.Build.0 = Release|Any CPU
		{39A68480-5668-45B2-BA16-070EBA006454}.Release-xml|ARM.ActiveCfg = Release|Any CPU
		{39A68480-5668-45B2-BA16-070EBA006454}.Release-xml|ARM.Build.0 = Release|Any CPU
		{39A68480-5668-45B2-BA16-070EBA006454}.Release-xml|iPhone.ActiveCfg = Release|Any CPU
		{39A68480-5668-45B2-BA16-070EBA006454}.Release-xml|iPhone.Build.0 = Release|Any CPU
		{39A68480-5668-45B2-BA16-070EBA006454}.Release-xml|iPhoneSimulator.ActiveCfg = Release|Any CPU
		{39A68480-5668-45B2-BA16-070EBA006454}.Release-xml|iPhoneSimulator.Build.0 = Release|Any CPU
		{39A68480-5668-45B2-BA16-070EBA006454}.Release-xml|x64.ActiveCfg = Release|Any CPU
		{39A68480-5668-45B2-BA16-070EBA006454}.Release-xml|x64.Build.0 = Release|Any CPU
		{39A68480-5668-45B2-BA16-070EBA006454}.Release-xml|x86.ActiveCfg = Release|Any CPU
		{39A68480-5668-45B2-BA16-070EBA006454}.Release-xml|x86.Build.0 = Release|Any CPU
	EndGlobalSection
	GlobalSection(SolutionProperties) = preSolution
		HideSolutionNode = FALSE
	EndGlobalSection
	GlobalSection(ExtensibilityGlobals) = postSolution
		SolutionGuid = {9FA2D34B-0F26-4090-9F42-98D6AD0E6670}
	EndGlobalSection
EndGlobal
